
Microsoft Visual Studio Solution File, Format Version 12.00
# Visual Studio 15
Project("{2150E333-8FDC-42A3-9474-1A3956D46DE8}") = "src", "src", "{7CF2D0E7-AE16-4A28-9E11-243924945A4C}"
EndProject
Project("{2150E333-8FDC-42A3-9474-1A3956D46DE8}") = "test", "test", "{FD9BDB0B-897F-4BE2-869E-8BEDBC006668}"
EndProject
Project("{FAE04EC0-301F-11D3-BF4B-00C04F79EFBC}") = "DevopsTicketHelper.Tests", "test\DevopsTicketHelper.Tests.csproj", "{C40CC7F9-23E5-484D-A052-16395E1F62A9}"
EndProject
Project("{FAE04EC0-301F-11D3-BF4B-00C04F79EFBC}") = "DevopsTicketHelperr.Console", "src\DevopsTicketHelperr.Console.csproj", "{A215893E-EC40-4858-B5D1-9CB8320F098A}"
EndProject
Global
	GlobalSection(SolutionConfigurationPlatforms) = preSolution
		Debug|Any CPU = Debug|Any CPU
		Release|Any CPU = Release|Any CPU
	EndGlobalSection
	GlobalSection(ProjectConfigurationPlatforms) = postSolution
		{C40CC7F9-23E5-484D-A052-16395E1F62A9}.Debug|Any CPU.ActiveCfg = Debug|Any CPU
		{C40CC7F9-23E5-484D-A052-16395E1F62A9}.Debug|Any CPU.Build.0 = Debug|Any CPU
		{C40CC7F9-23E5-484D-A052-16395E1F62A9}.Release|Any CPU.ActiveCfg = Release|Any CPU
		{C40CC7F9-23E5-484D-A052-16395E1F62A9}.Release|Any CPU.Build.0 = Release|Any CPU
		{A215893E-EC40-4858-B5D1-9CB8320F098A}.Debug|Any CPU.ActiveCfg = Debug|Any CPU
		{A215893E-EC40-4858-B5D1-9CB8320F098A}.Debug|Any CPU.Build.0 = Debug|Any CPU
		{A215893E-EC40-4858-B5D1-9CB8320F098A}.Release|Any CPU.ActiveCfg = Release|Any CPU
		{A215893E-EC40-4858-B5D1-9CB8320F098A}.Release|Any CPU.Build.0 = Release|Any CPU
	EndGlobalSection
	GlobalSection(NestedProjects) = preSolution
		{C40CC7F9-23E5-484D-A052-16395E1F62A9} = {FD9BDB0B-897F-4BE2-869E-8BEDBC006668}
		{A215893E-EC40-4858-B5D1-9CB8320F098A} = {7CF2D0E7-AE16-4A28-9E11-243924945A4C}
	EndGlobalSection
EndGlobal
